
Microsoft Visual Studio Solution File, Format Version 12.00
# Visual Studio 15
VisualStudioVersion = 15.0.27130.2010
MinimumVisualStudioVersion = 10.0.40219.1
Project("{8BC9CEB8-8B4A-11D0-8D11-00A0C91BC942}") = "001. Win32 API 기본 프로그램", "001. Win32 API 기본 프로그램\001. Win32 API 기본 프로그램.vcxproj", "{C8D60B7F-FB54-45DF-B7FD-753D9FFAE10D}"
EndProject
Project("{2150E333-8FDC-42A3-9474-1A3956D46DE8}") = "common", "common", "{BE46ED79-188F-4244-972F-1B0FD7B263D5}"
	ProjectSection(SolutionItems) = preProject
		common\include\base.h = common\include\base.h
		common\include\common.h = common\include\common.h
		common\include\global_constant.h = common\include\global_constant.h
		common\include\global_function.h = common\include\global_function.h
		common\include\global_type.h = common\include\global_type.h
		common\include\global_variable_declaration.h = common\include\global_variable_declaration.h
		common\include\macro.h = common\include\macro.h
		common\include\main.h = common\include\main.h
	EndProjectSection
EndProject
Project("{8BC9CEB8-8B4A-11D0-8D11-00A0C91BC942}") = "002. DirectX9 기본 프로그램", "002. DirectX9 기본 프로그램\002. DirectX9 기본 프로그램.vcxproj", "{BFDD0B78-D937-4266-812C-9A882CE7AC2F}"
EndProject
Project("{8BC9CEB8-8B4A-11D0-8D11-00A0C91BC942}") = "003. DirectX9 기본 렌더링", "003. DirectX9 기본 렌더링\003. DirectX9 기본 렌더링.vcxproj", "{DD15862C-17C4-4059-96F5-E62F90A4D338}"
EndProject
Project("{8BC9CEB8-8B4A-11D0-8D11-00A0C91BC942}") = "004. Vector", "004. Vector\004. Vector.vcxproj", "{62FA703F-2757-4FB9-B162-9CB8D7BEC87F}"
EndProject
Project("{8BC9CEB8-8B4A-11D0-8D11-00A0C91BC942}") = "005. Matrix", "005. Matrix\005. Matrix.vcxproj", "{7F6AC8E5-058D-41D1-A024-F93B7F5E896F}"
EndProject
Project("{8BC9CEB8-8B4A-11D0-8D11-00A0C91BC942}") = "006. Transformation", "006. Transformation\006. Transformation.vcxproj", "{723C233B-DBB9-4A94-A5AA-2C5D63AC4DC8}"
EndProject
Project("{8BC9CEB8-8B4A-11D0-8D11-00A0C91BC942}") = "007. Vector X Matrix", "007. Vector X Matrix\007. Vector X Matrix.vcxproj", "{A92989E1-F2C5-46AD-8FE0-E18E201DDF77}"
EndProject
Project("{8BC9CEB8-8B4A-11D0-8D11-00A0C91BC942}") = "008. 다양한 회전", "008. 다양한 회전\008. 다양한 회전.vcxproj", "{0069A187-55B4-4D31-95C1-4AB838B53DE0}"
EndProject
Project("{8BC9CEB8-8B4A-11D0-8D11-00A0C91BC942}") = "009. 정점 버퍼 클래스", "009. 정점 버퍼 클래스\009. 정점 버퍼 클래스.vcxproj", "{7B770C10-D26D-4788-9829-6717343FBBAD}"
EndProject
Project("{8BC9CEB8-8B4A-11D0-8D11-00A0C91BC942}") = "010. 3D 기본 렌더링", "010. 3D 기본 렌더링\010. 3D 기본 렌더링.vcxproj", "{970A599C-989D-4A02-A25B-C71E2BE61517}"
EndProject
Project("{8BC9CEB8-8B4A-11D0-8D11-00A0C91BC942}") = "011. 인덱스 버퍼", "011. 인덱스 버퍼\011. 인덱스 버퍼.vcxproj", "{3AB16BB6-EC88-4FE5-B900-3FDDBC40E1EA}"
EndProject
Project("{8BC9CEB8-8B4A-11D0-8D11-00A0C91BC942}") = "012. 법선벡터", "012. 법선벡터\012. 법선벡터.vcxproj", "{32307722-B62F-40C7-B417-7F4C7758AC15}"
EndProject
Project("{8BC9CEB8-8B4A-11D0-8D11-00A0C91BC942}") = "013. 재질", "013. 재질\013. 재질.vcxproj", "{78A22943-3B6F-42E9-9ADE-70D709ECB6A8}"
EndProject
Project("{8BC9CEB8-8B4A-11D0-8D11-00A0C91BC942}") = "014. 방향 광원", "014. 방향 광원\014. 방향 광원.vcxproj", "{127AF1E5-AABF-4C05-A8C1-35F8EB88F4D8}"
EndProject
Project("{8BC9CEB8-8B4A-11D0-8D11-00A0C91BC942}") = "015. 지형 렌더링 기초", "015. 지형 렌더링 기초\015. 지형 렌더링 기초.vcxproj", "{A10AFA42-462F-4D28-B001-88FBF20C520F}"
EndProject
Project("{8BC9CEB8-8B4A-11D0-8D11-00A0C91BC942}") = "016. 점 광원", "016. 점 광원\016. 점 광원.vcxproj", "{64D7B353-03E5-4277-8E0A-5F84D2A8F4E0}"
EndProject
Project("{8BC9CEB8-8B4A-11D0-8D11-00A0C91BC942}") = "017. 점적 광원", "017. 점적 광원\017. 점적 광원.vcxproj", "{6A00F7DA-123B-4990-A308-1FBA8C79DDDB}"
EndProject
Project("{8BC9CEB8-8B4A-11D0-8D11-00A0C91BC942}") = "018. 기본 도형", "018. 기본 도형\018. 기본 도형.vcxproj", "{0FA554C8-DBAA-4436-849D-4542B8E38F48}"
EndProject
Project("{8BC9CEB8-8B4A-11D0-8D11-00A0C91BC942}") = "019. 메시 텍스트", "019. 메시 텍스트\019. 메시 텍스트.vcxproj", "{4D98A3FB-03D6-47D8-A3BD-F97FC84488D9}"
EndProject
Project("{8BC9CEB8-8B4A-11D0-8D11-00A0C91BC942}") = "020. DirectX 폰트", "020. DirectX 폰트\020. DirectX 폰트.vcxproj", "{B514D6D7-A4F2-4746-B9F1-2DB0ADC5EADA}"
EndProject
Project("{8BC9CEB8-8B4A-11D0-8D11-00A0C91BC942}") = "021. 텍스처링 기초", "021. 텍스처링 기초\021. 텍스처링 기초.vcxproj", "{0314775D-FA79-46FE-9411-9FAA3DC4B1EF}"
EndProject
Project("{8BC9CEB8-8B4A-11D0-8D11-00A0C91BC942}") = "022. 어드레스 모드", "022. 어드레스 모드\022. 어드레스 모드.vcxproj", "{A95FEE75-CEAD-4AA6-90B4-34E43C38D2F4}"
EndProject
Project("{8BC9CEB8-8B4A-11D0-8D11-00A0C91BC942}") = "023. 텍스처 필터링", "023. 텍스처 필터링\023. 텍스처 필터링.vcxproj", "{2D13C407-A74E-4D62-A7CC-FBC0E66ABEF2}"
EndProject
Global
	GlobalSection(SolutionConfigurationPlatforms) = preSolution
		Debug|x64 = Debug|x64
		Debug|x86 = Debug|x86
		Release|x64 = Release|x64
		Release|x86 = Release|x86
	EndGlobalSection
	GlobalSection(ProjectConfigurationPlatforms) = postSolution
		{C8D60B7F-FB54-45DF-B7FD-753D9FFAE10D}.Debug|x64.ActiveCfg = Debug|x64
		{C8D60B7F-FB54-45DF-B7FD-753D9FFAE10D}.Debug|x64.Build.0 = Debug|x64
		{C8D60B7F-FB54-45DF-B7FD-753D9FFAE10D}.Debug|x86.ActiveCfg = Debug|Win32
		{C8D60B7F-FB54-45DF-B7FD-753D9FFAE10D}.Debug|x86.Build.0 = Debug|Win32
		{C8D60B7F-FB54-45DF-B7FD-753D9FFAE10D}.Release|x64.ActiveCfg = Release|x64
		{C8D60B7F-FB54-45DF-B7FD-753D9FFAE10D}.Release|x64.Build.0 = Release|x64
		{C8D60B7F-FB54-45DF-B7FD-753D9FFAE10D}.Release|x86.ActiveCfg = Release|Win32
		{C8D60B7F-FB54-45DF-B7FD-753D9FFAE10D}.Release|x86.Build.0 = Release|Win32
		{BFDD0B78-D937-4266-812C-9A882CE7AC2F}.Debug|x64.ActiveCfg = Debug|x64
		{BFDD0B78-D937-4266-812C-9A882CE7AC2F}.Debug|x64.Build.0 = Debug|x64
		{BFDD0B78-D937-4266-812C-9A882CE7AC2F}.Debug|x86.ActiveCfg = Debug|Win32
		{BFDD0B78-D937-4266-812C-9A882CE7AC2F}.Debug|x86.Build.0 = Debug|Win32
		{BFDD0B78-D937-4266-812C-9A882CE7AC2F}.Release|x64.ActiveCfg = Release|x64
		{BFDD0B78-D937-4266-812C-9A882CE7AC2F}.Release|x64.Build.0 = Release|x64
		{BFDD0B78-D937-4266-812C-9A882CE7AC2F}.Release|x86.ActiveCfg = Release|Win32
		{BFDD0B78-D937-4266-812C-9A882CE7AC2F}.Release|x86.Build.0 = Release|Win32
		{DD15862C-17C4-4059-96F5-E62F90A4D338}.Debug|x64.ActiveCfg = Debug|x64
		{DD15862C-17C4-4059-96F5-E62F90A4D338}.Debug|x64.Build.0 = Debug|x64
		{DD15862C-17C4-4059-96F5-E62F90A4D338}.Debug|x86.ActiveCfg = Debug|Win32
		{DD15862C-17C4-4059-96F5-E62F90A4D338}.Debug|x86.Build.0 = Debug|Win32
		{DD15862C-17C4-4059-96F5-E62F90A4D338}.Release|x64.ActiveCfg = Release|x64
		{DD15862C-17C4-4059-96F5-E62F90A4D338}.Release|x64.Build.0 = Release|x64
		{DD15862C-17C4-4059-96F5-E62F90A4D338}.Release|x86.ActiveCfg = Release|Win32
		{DD15862C-17C4-4059-96F5-E62F90A4D338}.Release|x86.Build.0 = Release|Win32
		{62FA703F-2757-4FB9-B162-9CB8D7BEC87F}.Debug|x64.ActiveCfg = Debug|x64
		{62FA703F-2757-4FB9-B162-9CB8D7BEC87F}.Debug|x64.Build.0 = Debug|x64
		{62FA703F-2757-4FB9-B162-9CB8D7BEC87F}.Debug|x86.ActiveCfg = Debug|Win32
		{62FA703F-2757-4FB9-B162-9CB8D7BEC87F}.Debug|x86.Build.0 = Debug|Win32
		{62FA703F-2757-4FB9-B162-9CB8D7BEC87F}.Release|x64.ActiveCfg = Release|x64
		{62FA703F-2757-4FB9-B162-9CB8D7BEC87F}.Release|x64.Build.0 = Release|x64
		{62FA703F-2757-4FB9-B162-9CB8D7BEC87F}.Release|x86.ActiveCfg = Release|Win32
		{62FA703F-2757-4FB9-B162-9CB8D7BEC87F}.Release|x86.Build.0 = Release|Win32
		{7F6AC8E5-058D-41D1-A024-F93B7F5E896F}.Debug|x64.ActiveCfg = Debug|x64
		{7F6AC8E5-058D-41D1-A024-F93B7F5E896F}.Debug|x64.Build.0 = Debug|x64
		{7F6AC8E5-058D-41D1-A024-F93B7F5E896F}.Debug|x86.ActiveCfg = Debug|Win32
		{7F6AC8E5-058D-41D1-A024-F93B7F5E896F}.Debug|x86.Build.0 = Debug|Win32
		{7F6AC8E5-058D-41D1-A024-F93B7F5E896F}.Release|x64.ActiveCfg = Release|x64
		{7F6AC8E5-058D-41D1-A024-F93B7F5E896F}.Release|x64.Build.0 = Release|x64
		{7F6AC8E5-058D-41D1-A024-F93B7F5E896F}.Release|x86.ActiveCfg = Release|Win32
		{7F6AC8E5-058D-41D1-A024-F93B7F5E896F}.Release|x86.Build.0 = Release|Win32
		{723C233B-DBB9-4A94-A5AA-2C5D63AC4DC8}.Debug|x64.ActiveCfg = Debug|x64
		{723C233B-DBB9-4A94-A5AA-2C5D63AC4DC8}.Debug|x64.Build.0 = Debug|x64
		{723C233B-DBB9-4A94-A5AA-2C5D63AC4DC8}.Debug|x86.ActiveCfg = Debug|Win32
		{723C233B-DBB9-4A94-A5AA-2C5D63AC4DC8}.Debug|x86.Build.0 = Debug|Win32
		{723C233B-DBB9-4A94-A5AA-2C5D63AC4DC8}.Release|x64.ActiveCfg = Release|x64
		{723C233B-DBB9-4A94-A5AA-2C5D63AC4DC8}.Release|x64.Build.0 = Release|x64
		{723C233B-DBB9-4A94-A5AA-2C5D63AC4DC8}.Release|x86.ActiveCfg = Release|Win32
		{723C233B-DBB9-4A94-A5AA-2C5D63AC4DC8}.Release|x86.Build.0 = Release|Win32
		{A92989E1-F2C5-46AD-8FE0-E18E201DDF77}.Debug|x64.ActiveCfg = Debug|x64
		{A92989E1-F2C5-46AD-8FE0-E18E201DDF77}.Debug|x64.Build.0 = Debug|x64
		{A92989E1-F2C5-46AD-8FE0-E18E201DDF77}.Debug|x86.ActiveCfg = Debug|Win32
		{A92989E1-F2C5-46AD-8FE0-E18E201DDF77}.Debug|x86.Build.0 = Debug|Win32
		{A92989E1-F2C5-46AD-8FE0-E18E201DDF77}.Release|x64.ActiveCfg = Release|x64
		{A92989E1-F2C5-46AD-8FE0-E18E201DDF77}.Release|x64.Build.0 = Release|x64
		{A92989E1-F2C5-46AD-8FE0-E18E201DDF77}.Release|x86.ActiveCfg = Release|Win32
		{A92989E1-F2C5-46AD-8FE0-E18E201DDF77}.Release|x86.Build.0 = Release|Win32
		{0069A187-55B4-4D31-95C1-4AB838B53DE0}.Debug|x64.ActiveCfg = Debug|x64
		{0069A187-55B4-4D31-95C1-4AB838B53DE0}.Debug|x64.Build.0 = Debug|x64
		{0069A187-55B4-4D31-95C1-4AB838B53DE0}.Debug|x86.ActiveCfg = Debug|Win32
		{0069A187-55B4-4D31-95C1-4AB838B53DE0}.Debug|x86.Build.0 = Debug|Win32
		{0069A187-55B4-4D31-95C1-4AB838B53DE0}.Release|x64.ActiveCfg = Release|x64
		{0069A187-55B4-4D31-95C1-4AB838B53DE0}.Release|x64.Build.0 = Release|x64
		{0069A187-55B4-4D31-95C1-4AB838B53DE0}.Release|x86.ActiveCfg = Release|Win32
		{0069A187-55B4-4D31-95C1-4AB838B53DE0}.Release|x86.Build.0 = Release|Win32
		{7B770C10-D26D-4788-9829-6717343FBBAD}.Debug|x64.ActiveCfg = Debug|x64
		{7B770C10-D26D-4788-9829-6717343FBBAD}.Debug|x64.Build.0 = Debug|x64
		{7B770C10-D26D-4788-9829-6717343FBBAD}.Debug|x86.ActiveCfg = Debug|Win32
		{7B770C10-D26D-4788-9829-6717343FBBAD}.Debug|x86.Build.0 = Debug|Win32
		{7B770C10-D26D-4788-9829-6717343FBBAD}.Release|x64.ActiveCfg = Release|x64
		{7B770C10-D26D-4788-9829-6717343FBBAD}.Release|x64.Build.0 = Release|x64
		{7B770C10-D26D-4788-9829-6717343FBBAD}.Release|x86.ActiveCfg = Release|Win32
		{7B770C10-D26D-4788-9829-6717343FBBAD}.Release|x86.Build.0 = Release|Win32
		{970A599C-989D-4A02-A25B-C71E2BE61517}.Debug|x64.ActiveCfg = Debug|x64
		{970A599C-989D-4A02-A25B-C71E2BE61517}.Debug|x64.Build.0 = Debug|x64
		{970A599C-989D-4A02-A25B-C71E2BE61517}.Debug|x86.ActiveCfg = Debug|Win32
		{970A599C-989D-4A02-A25B-C71E2BE61517}.Debug|x86.Build.0 = Debug|Win32
		{970A599C-989D-4A02-A25B-C71E2BE61517}.Release|x64.ActiveCfg = Release|x64
		{970A599C-989D-4A02-A25B-C71E2BE61517}.Release|x64.Build.0 = Release|x64
		{970A599C-989D-4A02-A25B-C71E2BE61517}.Release|x86.ActiveCfg = Release|Win32
		{970A599C-989D-4A02-A25B-C71E2BE61517}.Release|x86.Build.0 = Release|Win32
		{3AB16BB6-EC88-4FE5-B900-3FDDBC40E1EA}.Debug|x64.ActiveCfg = Debug|x64
		{3AB16BB6-EC88-4FE5-B900-3FDDBC40E1EA}.Debug|x64.Build.0 = Debug|x64
		{3AB16BB6-EC88-4FE5-B900-3FDDBC40E1EA}.Debug|x86.ActiveCfg = Debug|Win32
		{3AB16BB6-EC88-4FE5-B900-3FDDBC40E1EA}.Debug|x86.Build.0 = Debug|Win32
		{3AB16BB6-EC88-4FE5-B900-3FDDBC40E1EA}.Release|x64.ActiveCfg = Release|x64
		{3AB16BB6-EC88-4FE5-B900-3FDDBC40E1EA}.Release|x64.Build.0 = Release|x64
		{3AB16BB6-EC88-4FE5-B900-3FDDBC40E1EA}.Release|x86.ActiveCfg = Release|Win32
		{3AB16BB6-EC88-4FE5-B900-3FDDBC40E1EA}.Release|x86.Build.0 = Release|Win32
		{32307722-B62F-40C7-B417-7F4C7758AC15}.Debug|x64.ActiveCfg = Debug|x64
		{32307722-B62F-40C7-B417-7F4C7758AC15}.Debug|x64.Build.0 = Debug|x64
		{32307722-B62F-40C7-B417-7F4C7758AC15}.Debug|x86.ActiveCfg = Debug|Win32
		{32307722-B62F-40C7-B417-7F4C7758AC15}.Debug|x86.Build.0 = Debug|Win32
		{32307722-B62F-40C7-B417-7F4C7758AC15}.Release|x64.ActiveCfg = Release|x64
		{32307722-B62F-40C7-B417-7F4C7758AC15}.Release|x64.Build.0 = Release|x64
		{32307722-B62F-40C7-B417-7F4C7758AC15}.Release|x86.ActiveCfg = Release|Win32
		{32307722-B62F-40C7-B417-7F4C7758AC15}.Release|x86.Build.0 = Release|Win32
		{78A22943-3B6F-42E9-9ADE-70D709ECB6A8}.Debug|x64.ActiveCfg = Debug|x64
		{78A22943-3B6F-42E9-9ADE-70D709ECB6A8}.Debug|x64.Build.0 = Debug|x64
		{78A22943-3B6F-42E9-9ADE-70D709ECB6A8}.Debug|x86.ActiveCfg = Debug|Win32
		{78A22943-3B6F-42E9-9ADE-70D709ECB6A8}.Debug|x86.Build.0 = Debug|Win32
		{78A22943-3B6F-42E9-9ADE-70D709ECB6A8}.Release|x64.ActiveCfg = Release|x64
		{78A22943-3B6F-42E9-9ADE-70D709ECB6A8}.Release|x64.Build.0 = Release|x64
		{78A22943-3B6F-42E9-9ADE-70D709ECB6A8}.Release|x86.ActiveCfg = Release|Win32
		{78A22943-3B6F-42E9-9ADE-70D709ECB6A8}.Release|x86.Build.0 = Release|Win32
		{127AF1E5-AABF-4C05-A8C1-35F8EB88F4D8}.Debug|x64.ActiveCfg = Debug|x64
		{127AF1E5-AABF-4C05-A8C1-35F8EB88F4D8}.Debug|x64.Build.0 = Debug|x64
		{127AF1E5-AABF-4C05-A8C1-35F8EB88F4D8}.Debug|x86.ActiveCfg = Debug|Win32
		{127AF1E5-AABF-4C05-A8C1-35F8EB88F4D8}.Debug|x86.Build.0 = Debug|Win32
		{127AF1E5-AABF-4C05-A8C1-35F8EB88F4D8}.Release|x64.ActiveCfg = Release|x64
		{127AF1E5-AABF-4C05-A8C1-35F8EB88F4D8}.Release|x64.Build.0 = Release|x64
		{127AF1E5-AABF-4C05-A8C1-35F8EB88F4D8}.Release|x86.ActiveCfg = Release|Win32
		{127AF1E5-AABF-4C05-A8C1-35F8EB88F4D8}.Release|x86.Build.0 = Release|Win32
		{A10AFA42-462F-4D28-B001-88FBF20C520F}.Debug|x64.ActiveCfg = Debug|x64
		{A10AFA42-462F-4D28-B001-88FBF20C520F}.Debug|x64.Build.0 = Debug|x64
		{A10AFA42-462F-4D28-B001-88FBF20C520F}.Debug|x86.ActiveCfg = Debug|Win32
		{A10AFA42-462F-4D28-B001-88FBF20C520F}.Debug|x86.Build.0 = Debug|Win32
		{A10AFA42-462F-4D28-B001-88FBF20C520F}.Release|x64.ActiveCfg = Release|x64
		{A10AFA42-462F-4D28-B001-88FBF20C520F}.Release|x64.Build.0 = Release|x64
		{A10AFA42-462F-4D28-B001-88FBF20C520F}.Release|x86.ActiveCfg = Release|Win32
		{A10AFA42-462F-4D28-B001-88FBF20C520F}.Release|x86.Build.0 = Release|Win32
		{64D7B353-03E5-4277-8E0A-5F84D2A8F4E0}.Debug|x64.ActiveCfg = Debug|x64
		{64D7B353-03E5-4277-8E0A-5F84D2A8F4E0}.Debug|x64.Build.0 = Debug|x64
		{64D7B353-03E5-4277-8E0A-5F84D2A8F4E0}.Debug|x86.ActiveCfg = Debug|Win32
		{64D7B353-03E5-4277-8E0A-5F84D2A8F4E0}.Debug|x86.Build.0 = Debug|Win32
		{64D7B353-03E5-4277-8E0A-5F84D2A8F4E0}.Release|x64.ActiveCfg = Release|x64
		{64D7B353-03E5-4277-8E0A-5F84D2A8F4E0}.Release|x64.Build.0 = Release|x64
		{64D7B353-03E5-4277-8E0A-5F84D2A8F4E0}.Release|x86.ActiveCfg = Release|Win32
		{64D7B353-03E5-4277-8E0A-5F84D2A8F4E0}.Release|x86.Build.0 = Release|Win32
		{6A00F7DA-123B-4990-A308-1FBA8C79DDDB}.Debug|x64.ActiveCfg = Debug|x64
		{6A00F7DA-123B-4990-A308-1FBA8C79DDDB}.Debug|x64.Build.0 = Debug|x64
		{6A00F7DA-123B-4990-A308-1FBA8C79DDDB}.Debug|x86.ActiveCfg = Debug|Win32
		{6A00F7DA-123B-4990-A308-1FBA8C79DDDB}.Debug|x86.Build.0 = Debug|Win32
		{6A00F7DA-123B-4990-A308-1FBA8C79DDDB}.Release|x64.ActiveCfg = Release|x64
		{6A00F7DA-123B-4990-A308-1FBA8C79DDDB}.Release|x64.Build.0 = Release|x64
		{6A00F7DA-123B-4990-A308-1FBA8C79DDDB}.Release|x86.ActiveCfg = Release|Win32
		{6A00F7DA-123B-4990-A308-1FBA8C79DDDB}.Release|x86.Build.0 = Release|Win32
		{0FA554C8-DBAA-4436-849D-4542B8E38F48}.Debug|x64.ActiveCfg = Debug|x64
		{0FA554C8-DBAA-4436-849D-4542B8E38F48}.Debug|x64.Build.0 = Debug|x64
		{0FA554C8-DBAA-4436-849D-4542B8E38F48}.Debug|x86.ActiveCfg = Debug|Win32
		{0FA554C8-DBAA-4436-849D-4542B8E38F48}.Debug|x86.Build.0 = Debug|Win32
		{0FA554C8-DBAA-4436-849D-4542B8E38F48}.Release|x64.ActiveCfg = Release|x64
		{0FA554C8-DBAA-4436-849D-4542B8E38F48}.Release|x64.Build.0 = Release|x64
		{0FA554C8-DBAA-4436-849D-4542B8E38F48}.Release|x86.ActiveCfg = Release|Win32
		{0FA554C8-DBAA-4436-849D-4542B8E38F48}.Release|x86.Build.0 = Release|Win32
		{4D98A3FB-03D6-47D8-A3BD-F97FC84488D9}.Debug|x64.ActiveCfg = Debug|x64
		{4D98A3FB-03D6-47D8-A3BD-F97FC84488D9}.Debug|x64.Build.0 = Debug|x64
		{4D98A3FB-03D6-47D8-A3BD-F97FC84488D9}.Debug|x86.ActiveCfg = Debug|Win32
		{4D98A3FB-03D6-47D8-A3BD-F97FC84488D9}.Debug|x86.Build.0 = Debug|Win32
		{4D98A3FB-03D6-47D8-A3BD-F97FC84488D9}.Release|x64.ActiveCfg = Release|x64
		{4D98A3FB-03D6-47D8-A3BD-F97FC84488D9}.Release|x64.Build.0 = Release|x64
		{4D98A3FB-03D6-47D8-A3BD-F97FC84488D9}.Release|x86.ActiveCfg = Release|Win32
		{4D98A3FB-03D6-47D8-A3BD-F97FC84488D9}.Release|x86.Build.0 = Release|Win32
		{B514D6D7-A4F2-4746-B9F1-2DB0ADC5EADA}.Debug|x64.ActiveCfg = Debug|x64
		{B514D6D7-A4F2-4746-B9F1-2DB0ADC5EADA}.Debug|x64.Build.0 = Debug|x64
		{B514D6D7-A4F2-4746-B9F1-2DB0ADC5EADA}.Debug|x86.ActiveCfg = Debug|Win32
		{B514D6D7-A4F2-4746-B9F1-2DB0ADC5EADA}.Debug|x86.Build.0 = Debug|Win32
		{B514D6D7-A4F2-4746-B9F1-2DB0ADC5EADA}.Release|x64.ActiveCfg = Release|x64
		{B514D6D7-A4F2-4746-B9F1-2DB0ADC5EADA}.Release|x64.Build.0 = Release|x64
		{B514D6D7-A4F2-4746-B9F1-2DB0ADC5EADA}.Release|x86.ActiveCfg = Release|Win32
		{B514D6D7-A4F2-4746-B9F1-2DB0ADC5EADA}.Release|x86.Build.0 = Release|Win32
		{0314775D-FA79-46FE-9411-9FAA3DC4B1EF}.Debug|x64.ActiveCfg = Debug|x64
		{0314775D-FA79-46FE-9411-9FAA3DC4B1EF}.Debug|x64.Build.0 = Debug|x64
		{0314775D-FA79-46FE-9411-9FAA3DC4B1EF}.Debug|x86.ActiveCfg = Debug|Win32
		{0314775D-FA79-46FE-9411-9FAA3DC4B1EF}.Debug|x86.Build.0 = Debug|Win32
		{0314775D-FA79-46FE-9411-9FAA3DC4B1EF}.Release|x64.ActiveCfg = Release|x64
		{0314775D-FA79-46FE-9411-9FAA3DC4B1EF}.Release|x64.Build.0 = Release|x64
		{0314775D-FA79-46FE-9411-9FAA3DC4B1EF}.Release|x86.ActiveCfg = Release|Win32
		{0314775D-FA79-46FE-9411-9FAA3DC4B1EF}.Release|x86.Build.0 = Release|Win32
		{A95FEE75-CEAD-4AA6-90B4-34E43C38D2F4}.Debug|x64.ActiveCfg = Debug|x64
		{A95FEE75-CEAD-4AA6-90B4-34E43C38D2F4}.Debug|x64.Build.0 = Debug|x64
		{A95FEE75-CEAD-4AA6-90B4-34E43C38D2F4}.Debug|x86.ActiveCfg = Debug|Win32
		{A95FEE75-CEAD-4AA6-90B4-34E43C38D2F4}.Debug|x86.Build.0 = Debug|Win32
		{A95FEE75-CEAD-4AA6-90B4-34E43C38D2F4}.Release|x64.ActiveCfg = Release|x64
		{A95FEE75-CEAD-4AA6-90B4-34E43C38D2F4}.Release|x64.Build.0 = Release|x64
		{A95FEE75-CEAD-4AA6-90B4-34E43C38D2F4}.Release|x86.ActiveCfg = Release|Win32
		{A95FEE75-CEAD-4AA6-90B4-34E43C38D2F4}.Release|x86.Build.0 = Release|Win32
		{2D13C407-A74E-4D62-A7CC-FBC0E66ABEF2}.Debug|x64.ActiveCfg = Debug|x64
		{2D13C407-A74E-4D62-A7CC-FBC0E66ABEF2}.Debug|x64.Build.0 = Debug|x64
		{2D13C407-A74E-4D62-A7CC-FBC0E66ABEF2}.Debug|x86.ActiveCfg = Debug|Win32
		{2D13C407-A74E-4D62-A7CC-FBC0E66ABEF2}.Debug|x86.Build.0 = Debug|Win32
		{2D13C407-A74E-4D62-A7CC-FBC0E66ABEF2}.Release|x64.ActiveCfg = Release|x64
		{2D13C407-A74E-4D62-A7CC-FBC0E66ABEF2}.Release|x64.Build.0 = Release|x64
		{2D13C407-A74E-4D62-A7CC-FBC0E66ABEF2}.Release|x86.ActiveCfg = Release|Win32
		{2D13C407-A74E-4D62-A7CC-FBC0E66ABEF2}.Release|x86.Build.0 = Release|Win32
	EndGlobalSection
	GlobalSection(SolutionProperties) = preSolution
		HideSolutionNode = FALSE
	EndGlobalSection
	GlobalSection(ExtensibilityGlobals) = postSolution
		SolutionGuid = {64BA5704-1040-4CFB-9F96-5BCA7924C7DC}
	EndGlobalSection
EndGlobal
